
Microsoft Visual Studio Solution File, Format Version 12.00
# Visual Studio Version 16
VisualStudioVersion = 16.0.30717.126
MinimumVisualStudioVersion = 10.0.40219.1
Project("{FAE04EC0-301F-11D3-BF4B-00C04F79EFBC}") = "RazorPages", "RazorPages\RazorPages.csproj", "{39FE742B-2BD6-464D-B4AC-FD452EC36CCA}"
EndProject
Project("{FAE04EC0-301F-11D3-BF4B-00C04F79EFBC}") = "MVC", "MVC\MVC.csproj", "{7E64BC24-FE96-481E-9AC0-D3538E85CE1C}"
EndProject
Project("{FAE04EC0-301F-11D3-BF4B-00C04F79EFBC}") = "API", "API\API.csproj", "{5DD0BE0B-5602-415C-8D86-71FCA339AD17}"
EndProject
Project("{FAE04EC0-301F-11D3-BF4B-00C04F79EFBC}") = "BlazorServer", "BlazorServer\BlazorServer.csproj", "{8E2A465D-40C5-4C87-BC15-D092255BA1A6}"
EndProject
Project("{FAE04EC0-301F-11D3-BF4B-00C04F79EFBC}") = "BlazorClient", "BlazorClient\BlazorClient.csproj", "{FF30496D-D168-415E-AC4F-78E50282C7DD}"
EndProject
Global
	GlobalSection(SolutionConfigurationPlatforms) = preSolution
		Debug|Any CPU = Debug|Any CPU
		Release|Any CPU = Release|Any CPU
	EndGlobalSection
	GlobalSection(ProjectConfigurationPlatforms) = postSolution
		{39FE742B-2BD6-464D-B4AC-FD452EC36CCA}.Debug|Any CPU.ActiveCfg = Debug|Any CPU
		{39FE742B-2BD6-464D-B4AC-FD452EC36CCA}.Debug|Any CPU.Build.0 = Debug|Any CPU
		{39FE742B-2BD6-464D-B4AC-FD452EC36CCA}.Release|Any CPU.ActiveCfg = Release|Any CPU
		{39FE742B-2BD6-464D-B4AC-FD452EC36CCA}.Release|Any CPU.Build.0 = Release|Any CPU
		{7E64BC24-FE96-481E-9AC0-D3538E85CE1C}.Debug|Any CPU.ActiveCfg = Debug|Any CPU
		{7E64BC24-FE96-481E-9AC0-D3538E85CE1C}.Debug|Any CPU.Build.0 = Debug|Any CPU
		{7E64BC24-FE96-481E-9AC0-D3538E85CE1C}.Release|Any CPU.ActiveCfg = Release|Any CPU
		{7E64BC24-FE96-481E-9AC0-D3538E85CE1C}.Release|Any CPU.Build.0 = Release|Any CPU
		{5DD0BE0B-5602-415C-8D86-71FCA339AD17}.Debug|Any CPU.ActiveCfg = Debug|Any CPU
		{5DD0BE0B-5602-415C-8D86-71FCA339AD17}.Debug|Any CPU.Build.0 = Debug|Any CPU
		{5DD0BE0B-5602-415C-8D86-71FCA339AD17}.Release|Any CPU.ActiveCfg = Release|Any CPU
		{5DD0BE0B-5602-415C-8D86-71FCA339AD17}.Release|Any CPU.Build.0 = Release|Any CPU
		{8E2A465D-40C5-4C87-BC15-D092255BA1A6}.Debug|Any CPU.ActiveCfg = Debug|Any CPU
		{8E2A465D-40C5-4C87-BC15-D092255BA1A6}.Debug|Any CPU.Build.0 = Debug|Any CPU
		{8E2A465D-40C5-4C87-BC15-D092255BA1A6}.Release|Any CPU.ActiveCfg = Release|Any CPU
		{8E2A465D-40C5-4C87-BC15-D092255BA1A6}.Release|Any CPU.Build.0 = Release|Any CPU
		{FF30496D-D168-415E-AC4F-78E50282C7DD}.Debug|Any CPU.ActiveCfg = Debug|Any CPU
		{FF30496D-D168-415E-AC4F-78E50282C7DD}.Debug|Any CPU.Build.0 = Debug|Any CPU
		{FF30496D-D168-415E-AC4F-78E50282C7DD}.Release|Any CPU.ActiveCfg = Release|Any CPU
		{FF30496D-D168-415E-AC4F-78E50282C7DD}.Release|Any CPU.Build.0 = Release|Any CPU
	EndGlobalSection
	GlobalSection(SolutionProperties) = preSolution
		HideSolutionNode = FALSE
	EndGlobalSection
	GlobalSection(ExtensibilityGlobals) = postSolution
		SolutionGuid = {357554D5-7E9E-4939-AC00-2D7657BC224C}
	EndGlobalSection
EndGlobal
